// !$*UTF8*$!
{
	archiveVersion = 1;
	classes = {
	};
	objectVersion = 46;
	objects = {

/* Begin PBXBuildFile section */
		6F01781369D4629835584BE8 /* libPods-LKDBHelperTestCase.a in Frameworks */ = {isa = PBXBuildFile; fileRef = 4789729F6AF8729D4414CF8F /* libPods-LKDBHelperTestCase.a */; };
		FDB744111D94000700B4C93A /* main.m in Sources */ = {isa = PBXBuildFile; fileRef = FDB744101D94000700B4C93A /* main.m */; };
		FDB744141D94000700B4C93A /* AppDelegate.m in Sources */ = {isa = PBXBuildFile; fileRef = FDB744131D94000700B4C93A /* AppDelegate.m */; };
		FDB7441A1D94000700B4C93A /* Main.storyboard in Resources */ = {isa = PBXBuildFile; fileRef = FDB744181D94000700B4C93A /* Main.storyboard */; };
		FDB7441C1D94000700B4C93A /* Assets.xcassets in Resources */ = {isa = PBXBuildFile; fileRef = FDB7441B1D94000700B4C93A /* Assets.xcassets */; };
		FDB7441F1D94000700B4C93A /* LaunchScreen.storyboard in Resources */ = {isa = PBXBuildFile; fileRef = FDB7441D1D94000700B4C93A /* LaunchScreen.storyboard */; };
		FDB7442A1D94000700B4C93A /* LKDBHelperTestCaseTests.m in Sources */ = {isa = PBXBuildFile; fileRef = FDB744291D94000700B4C93A /* LKDBHelperTestCaseTests.m */; };
		FDB744351D94000700B4C93A /* LKDBHelperTestCaseUITests.m in Sources */ = {isa = PBXBuildFile; fileRef = FDB744341D94000700B4C93A /* LKDBHelperTestCaseUITests.m */; };
		FDB744441D94012900B4C93A /* MainTableViewController.m in Sources */ = {isa = PBXBuildFile; fileRef = FDB744431D94012900B4C93A /* MainTableViewController.m */; };
		FDB744481D941FC100B4C93A /* HYClass.m in Sources */ = {isa = PBXBuildFile; fileRef = FDB744471D941FC100B4C93A /* HYClass.m */; };
		FDB7444B1D941FD200B4C93A /* HYTeacher.m in Sources */ = {isa = PBXBuildFile; fileRef = FDB7444A1D941FD200B4C93A /* HYTeacher.m */; };
		FDB7444E1D941FE100B4C93A /* HYStudent.m in Sources */ = {isa = PBXBuildFile; fileRef = FDB7444D1D941FE100B4C93A /* HYStudent.m */; };
		FDB744511D94212900B4C93A /* TestSimpleSave.m in Sources */ = {isa = PBXBuildFile; fileRef = FDB744501D94212900B4C93A /* TestSimpleSave.m */; };
/* End PBXBuildFile section */

/* Begin PBXContainerItemProxy section */
		FDB744261D94000700B4C93A /* PBXContainerItemProxy */ = {
			isa = PBXContainerItemProxy;
			containerPortal = FDB744041D94000700B4C93A /* Project object */;
			proxyType = 1;
			remoteGlobalIDString = FDB7440B1D94000700B4C93A;
			remoteInfo = LKDBHelperTestCase;
		};
		FDB744311D94000700B4C93A /* PBXContainerItemProxy */ = {
			isa = PBXContainerItemProxy;
			containerPortal = FDB744041D94000700B4C93A /* Project object */;
			proxyType = 1;
			remoteGlobalIDString = FDB7440B1D94000700B4C93A;
			remoteInfo = LKDBHelperTestCase;
		};
/* End PBXContainerItemProxy section */

/* Begin PBXFileReference section */
		4789729F6AF8729D4414CF8F /* libPods-LKDBHelperTestCase.a */ = {isa = PBXFileReference; explicitFileType = archive.ar; includeInIndex = 0; path = "libPods-LKDBHelperTestCase.a"; sourceTree = BUILT_PRODUCTS_DIR; };
		679DA880151D2BB7621EA5D5 /* Pods-LKDBHelperTestCase.debug.xcconfig */ = {isa = PBXFileReference; includeInIndex = 1; lastKnownFileType = text.xcconfig; name = "Pods-LKDBHelperTestCase.debug.xcconfig"; path = "Pods/Target Support Files/Pods-LKDBHelperTestCase/Pods-LKDBHelperTestCase.debug.xcconfig"; sourceTree = "<group>"; };
		DFAFD47F4BBBE4A1D0067A9C /* Pods-LKDBHelperTestCase.release.xcconfig */ = {isa = PBXFileReference; includeInIndex = 1; lastKnownFileType = text.xcconfig; name = "Pods-LKDBHelperTestCase.release.xcconfig"; path = "Pods/Target Support Files/Pods-LKDBHelperTestCase/Pods-LKDBHelperTestCase.release.xcconfig"; sourceTree = "<group>"; };
		FDB7440C1D94000700B4C93A /* LKDBHelperTestCase.app */ = {isa = PBXFileReference; explicitFileType = wrapper.application; includeInIndex = 0; path = LKDBHelperTestCase.app; sourceTree = BUILT_PRODUCTS_DIR; };
		FDB744101D94000700B4C93A /* main.m */ = {isa = PBXFileReference; lastKnownFileType = sourcecode.c.objc; path = main.m; sourceTree = "<group>"; };
		FDB744121D94000700B4C93A /* AppDelegate.h */ = {isa = PBXFileReference; lastKnownFileType = sourcecode.c.h; path = AppDelegate.h; sourceTree = "<group>"; };
		FDB744131D94000700B4C93A /* AppDelegate.m */ = {isa = PBXFileReference; lastKnownFileType = sourcecode.c.objc; path = AppDelegate.m; sourceTree = "<group>"; };
		FDB744191D94000700B4C93A /* Base */ = {isa = PBXFileReference; lastKnownFileType = file.storyboard; name = Base; path = Base.lproj/Main.storyboard; sourceTree = "<group>"; };
		FDB7441B1D94000700B4C93A /* Assets.xcassets */ = {isa = PBXFileReference; lastKnownFileType = folder.assetcatalog; path = Assets.xcassets; sourceTree = "<group>"; };
		FDB7441E1D94000700B4C93A /* Base */ = {isa = PBXFileReference; lastKnownFileType = file.storyboard; name = Base; path = Base.lproj/LaunchScreen.storyboard; sourceTree = "<group>"; };
		FDB744201D94000700B4C93A /* Info.plist */ = {isa = PBXFileReference; lastKnownFileType = text.plist.xml; path = Info.plist; sourceTree = "<group>"; };
		FDB744251D94000700B4C93A /* LKDBHelperTestCaseTests.xctest */ = {isa = PBXFileReference; explicitFileType = wrapper.cfbundle; includeInIndex = 0; path = LKDBHelperTestCaseTests.xctest; sourceTree = BUILT_PRODUCTS_DIR; };
		FDB744291D94000700B4C93A /* LKDBHelperTestCaseTests.m */ = {isa = PBXFileReference; lastKnownFileType = sourcecode.c.objc; path = LKDBHelperTestCaseTests.m; sourceTree = "<group>"; };
		FDB7442B1D94000700B4C93A /* Info.plist */ = {isa = PBXFileReference; lastKnownFileType = text.plist.xml; path = Info.plist; sourceTree = "<group>"; };
		FDB744301D94000700B4C93A /* LKDBHelperTestCaseUITests.xctest */ = {isa = PBXFileReference; explicitFileType = wrapper.cfbundle; includeInIndex = 0; path = LKDBHelperTestCaseUITests.xctest; sourceTree = BUILT_PRODUCTS_DIR; };
		FDB744341D94000700B4C93A /* LKDBHelperTestCaseUITests.m */ = {isa = PBXFileReference; lastKnownFileType = sourcecode.c.objc; path = LKDBHelperTestCaseUITests.m; sourceTree = "<group>"; };
		FDB744361D94000700B4C93A /* Info.plist */ = {isa = PBXFileReference; lastKnownFileType = text.plist.xml; path = Info.plist; sourceTree = "<group>"; };
		FDB744421D94012900B4C93A /* MainTableViewController.h */ = {isa = PBXFileReference; fileEncoding = 4; lastKnownFileType = sourcecode.c.h; path = MainTableViewController.h; sourceTree = "<group>"; };
		FDB744431D94012900B4C93A /* MainTableViewController.m */ = {isa = PBXFileReference; fileEncoding = 4; lastKnownFileType = sourcecode.c.objc; path = MainTableViewController.m; sourceTree = "<group>"; };
		FDB744461D941FC100B4C93A /* HYClass.h */ = {isa = PBXFileReference; fileEncoding = 4; lastKnownFileType = sourcecode.c.h; path = HYClass.h; sourceTree = "<group>"; };
		FDB744471D941FC100B4C93A /* HYClass.m */ = {isa = PBXFileReference; fileEncoding = 4; lastKnownFileType = sourcecode.c.objc; path = HYClass.m; sourceTree = "<group>"; };
		FDB744491D941FD200B4C93A /* HYTeacher.h */ = {isa = PBXFileReference; fileEncoding = 4; lastKnownFileType = sourcecode.c.h; path = HYTeacher.h; sourceTree = "<group>"; };
		FDB7444A1D941FD200B4C93A /* HYTeacher.m */ = {isa = PBXFileReference; fileEncoding = 4; lastKnownFileType = sourcecode.c.objc; path = HYTeacher.m; sourceTree = "<group>"; };
		FDB7444C1D941FE100B4C93A /* HYStudent.h */ = {isa = PBXFileReference; fileEncoding = 4; lastKnownFileType = sourcecode.c.h; path = HYStudent.h; sourceTree = "<group>"; };
		FDB7444D1D941FE100B4C93A /* HYStudent.m */ = {isa = PBXFileReference; fileEncoding = 4; lastKnownFileType = sourcecode.c.objc; path = HYStudent.m; sourceTree = "<group>"; };
		FDB7444F1D94212900B4C93A /* TestSimpleSave.h */ = {isa = PBXFileReference; fileEncoding = 4; lastKnownFileType = sourcecode.c.h; path = TestSimpleSave.h; sourceTree = "<group>"; };
		FDB744501D94212900B4C93A /* TestSimpleSave.m */ = {isa = PBXFileReference; fileEncoding = 4; lastKnownFileType = sourcecode.c.objc; path = TestSimpleSave.m; sourceTree = "<group>"; };
/* End PBXFileReference section */

/* Begin PBXFrameworksBuildPhase section */
		FDB744091D94000700B4C93A /* Frameworks */ = {
			isa = PBXFrameworksBuildPhase;
			buildActionMask = 2147483647;
			files = (
				6F01781369D4629835584BE8 /* libPods-LKDBHelperTestCase.a in Frameworks */,
			);
			runOnlyForDeploymentPostprocessing = 0;
		};
		FDB744221D94000700B4C93A /* Frameworks */ = {
			isa = PBXFrameworksBuildPhase;
			buildActionMask = 2147483647;
			files = (
			);
			runOnlyForDeploymentPostprocessing = 0;
		};
		FDB7442D1D94000700B4C93A /* Frameworks */ = {
			isa = PBXFrameworksBuildPhase;
			buildActionMask = 2147483647;
			files = (
			);
			runOnlyForDeploymentPostprocessing = 0;
		};
/* End PBXFrameworksBuildPhase section */

/* Begin PBXGroup section */
		748C0E07E1B107D9936192ED /* Frameworks */ = {
			isa = PBXGroup;
			children = (
				4789729F6AF8729D4414CF8F /* libPods-LKDBHelperTestCase.a */,
			);
			name = Frameworks;
			sourceTree = "<group>";
		};
		B996E16355DCBF34856D83FA /* Pods */ = {
			isa = PBXGroup;
			children = (
				679DA880151D2BB7621EA5D5 /* Pods-LKDBHelperTestCase.debug.xcconfig */,
				DFAFD47F4BBBE4A1D0067A9C /* Pods-LKDBHelperTestCase.release.xcconfig */,
			);
			name = Pods;
			sourceTree = "<group>";
		};
		FDB744031D94000700B4C93A = {
			isa = PBXGroup;
			children = (
				FDB7440E1D94000700B4C93A /* LKDBHelperTestCase */,
				FDB744281D94000700B4C93A /* LKDBHelperTestCaseTests */,
				FDB744331D94000700B4C93A /* LKDBHelperTestCaseUITests */,
				FDB7440D1D94000700B4C93A /* Products */,
				B996E16355DCBF34856D83FA /* Pods */,
				748C0E07E1B107D9936192ED /* Frameworks */,
			);
			sourceTree = "<group>";
		};
		FDB7440D1D94000700B4C93A /* Products */ = {
			isa = PBXGroup;
			children = (
				FDB7440C1D94000700B4C93A /* LKDBHelperTestCase.app */,
				FDB744251D94000700B4C93A /* LKDBHelperTestCaseTests.xctest */,
				FDB744301D94000700B4C93A /* LKDBHelperTestCaseUITests.xctest */,
			);
			name = Products;
			sourceTree = "<group>";
		};
		FDB7440E1D94000700B4C93A /* LKDBHelperTestCase */ = {
			isa = PBXGroup;
			children = (
				FDB744451D941F9700B4C93A /* Models */,
				FDB744121D94000700B4C93A /* AppDelegate.h */,
				FDB744131D94000700B4C93A /* AppDelegate.m */,
				FDB7444F1D94212900B4C93A /* TestSimpleSave.h */,
				FDB744501D94212900B4C93A /* TestSimpleSave.m */,
				FDB744421D94012900B4C93A /* MainTableViewController.h */,
				FDB744431D94012900B4C93A /* MainTableViewController.m */,
				FDB744181D94000700B4C93A /* Main.storyboard */,
				FDB7441B1D94000700B4C93A /* Assets.xcassets */,
				FDB7441D1D94000700B4C93A /* LaunchScreen.storyboard */,
				FDB744201D94000700B4C93A /* Info.plist */,
				FDB7440F1D94000700B4C93A /* Supporting Files */,
			);
			path = LKDBHelperTestCase;
			sourceTree = "<group>";
		};
		FDB7440F1D94000700B4C93A /* Supporting Files */ = {
			isa = PBXGroup;
			children = (
				FDB744101D94000700B4C93A /* main.m */,
			);
			name = "Supporting Files";
			sourceTree = "<group>";
		};
		FDB744281D94000700B4C93A /* LKDBHelperTestCaseTests */ = {
			isa = PBXGroup;
			children = (
				FDB744291D94000700B4C93A /* LKDBHelperTestCaseTests.m */,
				FDB7442B1D94000700B4C93A /* Info.plist */,
			);
			path = LKDBHelperTestCaseTests;
			sourceTree = "<group>";
		};
		FDB744331D94000700B4C93A /* LKDBHelperTestCaseUITests */ = {
			isa = PBXGroup;
			children = (
				FDB744341D94000700B4C93A /* LKDBHelperTestCaseUITests.m */,
				FDB744361D94000700B4C93A /* Info.plist */,
			);
			path = LKDBHelperTestCaseUITests;
			sourceTree = "<group>";
		};
		FDB744451D941F9700B4C93A /* Models */ = {
			isa = PBXGroup;
			children = (
				FDB744461D941FC100B4C93A /* HYClass.h */,
				FDB744471D941FC100B4C93A /* HYClass.m */,
				FDB744491D941FD200B4C93A /* HYTeacher.h */,
				FDB7444A1D941FD200B4C93A /* HYTeacher.m */,
				FDB7444C1D941FE100B4C93A /* HYStudent.h */,
				FDB7444D1D941FE100B4C93A /* HYStudent.m */,
			);
			path = Models;
			sourceTree = "<group>";
		};
/* End PBXGroup section */

/* Begin PBXNativeTarget section */
		FDB7440B1D94000700B4C93A /* LKDBHelperTestCase */ = {
			isa = PBXNativeTarget;
			buildConfigurationList = FDB744391D94000700B4C93A /* Build configuration list for PBXNativeTarget "LKDBHelperTestCase" */;
			buildPhases = (
				17D5C98F2B0C3D5BE5CAA756 /* Check Pods Manifest.lock */,
				FDB744081D94000700B4C93A /* Sources */,
				FDB744091D94000700B4C93A /* Frameworks */,
				FDB7440A1D94000700B4C93A /* Resources */,
				B5C198EED5B7F3024B01A285 /* Embed Pods Frameworks */,
				6634680C41ACE733B0FEF924 /* Copy Pods Resources */,
			);
			buildRules = (
			);
			dependencies = (
			);
			name = LKDBHelperTestCase;
			productName = LKDBHelperTestCase;
			productReference = FDB7440C1D94000700B4C93A /* LKDBHelperTestCase.app */;
			productType = "com.apple.product-type.application";
		};
		FDB744241D94000700B4C93A /* LKDBHelperTestCaseTests */ = {
			isa = PBXNativeTarget;
			buildConfigurationList = FDB7443C1D94000700B4C93A /* Build configuration list for PBXNativeTarget "LKDBHelperTestCaseTests" */;
			buildPhases = (
				FDB744211D94000700B4C93A /* Sources */,
				FDB744221D94000700B4C93A /* Frameworks */,
				FDB744231D94000700B4C93A /* Resources */,
			);
			buildRules = (
			);
			dependencies = (
				FDB744271D94000700B4C93A /* PBXTargetDependency */,
			);
			name = LKDBHelperTestCaseTests;
			productName = LKDBHelperTestCaseTests;
			productReference = FDB744251D94000700B4C93A /* LKDBHelperTestCaseTests.xctest */;
			productType = "com.apple.product-type.bundle.unit-test";
		};
		FDB7442F1D94000700B4C93A /* LKDBHelperTestCaseUITests */ = {
			isa = PBXNativeTarget;
			buildConfigurationList = FDB7443F1D94000700B4C93A /* Build configuration list for PBXNativeTarget "LKDBHelperTestCaseUITests" */;
			buildPhases = (
				FDB7442C1D94000700B4C93A /* Sources */,
				FDB7442D1D94000700B4C93A /* Frameworks */,
				FDB7442E1D94000700B4C93A /* Resources */,
			);
			buildRules = (
			);
			dependencies = (
				FDB744321D94000700B4C93A /* PBXTargetDependency */,
			);
			name = LKDBHelperTestCaseUITests;
			productName = LKDBHelperTestCaseUITests;
			productReference = FDB744301D94000700B4C93A /* LKDBHelperTestCaseUITests.xctest */;
			productType = "com.apple.product-type.bundle.ui-testing";
		};
/* End PBXNativeTarget section */

/* Begin PBXProject section */
		FDB744041D94000700B4C93A /* Project object */ = {
			isa = PBXProject;
			attributes = {
				LastUpgradeCheck = 0800;
				ORGANIZATIONNAME = heyou;
				TargetAttributes = {
					FDB7440B1D94000700B4C93A = {
						CreatedOnToolsVersion = 8.0;
						ProvisioningStyle = Automatic;
					};
					FDB744241D94000700B4C93A = {
						CreatedOnToolsVersion = 8.0;
						ProvisioningStyle = Automatic;
						TestTargetID = FDB7440B1D94000700B4C93A;
					};
					FDB7442F1D94000700B4C93A = {
						CreatedOnToolsVersion = 8.0;
						ProvisioningStyle = Automatic;
						TestTargetID = FDB7440B1D94000700B4C93A;
					};
				};
			};
			buildConfigurationList = FDB744071D94000700B4C93A /* Build configuration list for PBXProject "LKDBHelperTestCase" */;
			compatibilityVersion = "Xcode 3.2";
			developmentRegion = English;
			hasScannedForEncodings = 0;
			knownRegions = (
				en,
				Base,
			);
			mainGroup = FDB744031D94000700B4C93A;
			productRefGroup = FDB7440D1D94000700B4C93A /* Products */;
			projectDirPath = "";
			projectRoot = "";
			targets = (
				FDB7440B1D94000700B4C93A /* LKDBHelperTestCase */,
				FDB744241D94000700B4C93A /* LKDBHelperTestCaseTests */,
				FDB7442F1D94000700B4C93A /* LKDBHelperTestCaseUITests */,
			);
		};
/* End PBXProject section */

/* Begin PBXResourcesBuildPhase section */
		FDB7440A1D94000700B4C93A /* Resources */ = {
			isa = PBXResourcesBuildPhase;
			buildActionMask = 2147483647;
			files = (
				FDB7441F1D94000700B4C93A /* LaunchScreen.storyboard in Resources */,
				FDB7441C1D94000700B4C93A /* Assets.xcassets in Resources */,
				FDB7441A1D94000700B4C93A /* Main.storyboard in Resources */,
			);
			runOnlyForDeploymentPostprocessing = 0;
		};
		FDB744231D94000700B4C93A /* Resources */ = {
			isa = PBXResourcesBuildPhase;
			buildActionMask = 2147483647;
			files = (
			);
			runOnlyForDeploymentPostprocessing = 0;
		};
		FDB7442E1D94000700B4C93A /* Resources */ = {
			isa = PBXResourcesBuildPhase;
			buildActionMask = 2147483647;
			files = (
			);
			runOnlyForDeploymentPostprocessing = 0;
		};
/* End PBXResourcesBuildPhase section */

/* Begin PBXShellScriptBuildPhase section */
		17D5C98F2B0C3D5BE5CAA756 /* Check Pods Manifest.lock */ = {
			isa = PBXShellScriptBuildPhase;
			buildActionMask = 2147483647;
			files = (
			);
			inputPaths = (
			);
			name = "Check Pods Manifest.lock";
			outputPaths = (
			);
			runOnlyForDeploymentPostprocessing = 0;
			shellPath = /bin/sh;
			shellScript = "diff \"${PODS_ROOT}/../Podfile.lock\" \"${PODS_ROOT}/Manifest.lock\" > /dev/null\nif [[ $? != 0 ]] ; then\n    cat << EOM\nerror: The sandbox is not in sync with the Podfile.lock. Run 'pod install' or update your CocoaPods installation.\nEOM\n    exit 1\nfi\n";
			showEnvVarsInLog = 0;
		};
		6634680C41ACE733B0FEF924 /* Copy Pods Resources */ = {
			isa = PBXShellScriptBuildPhase;
			buildActionMask = 2147483647;
			files = (
			);
			inputPaths = (
			);
			name = "Copy Pods Resources";
			outputPaths = (
			);
			runOnlyForDeploymentPostprocessing = 0;
			shellPath = /bin/sh;
			shellScript = "\"${SRCROOT}/Pods/Target Support Files/Pods-LKDBHelperTestCase/Pods-LKDBHelperTestCase-resources.sh\"\n";
			showEnvVarsInLog = 0;
		};
		B5C198EED5B7F3024B01A285 /* Embed Pods Frameworks */ = {
			isa = PBXShellScriptBuildPhase;
			buildActionMask = 2147483647;
			files = (
			);
			inputPaths = (
			);
			name = "Embed Pods Frameworks";
			outputPaths = (
			);
			runOnlyForDeploymentPostprocessing = 0;
			shellPath = /bin/sh;
			shellScript = "\"${SRCROOT}/Pods/Target Support Files/Pods-LKDBHelperTestCase/Pods-LKDBHelperTestCase-frameworks.sh\"\n";
			showEnvVarsInLog = 0;
		};
/* End PBXShellScriptBuildPhase section */

/* Begin PBXSourcesBuildPhase section */
		FDB744081D94000700B4C93A /* Sources */ = {
			isa = PBXSourcesBuildPhase;
			buildActionMask = 2147483647;
			files = (
				FDB7444E1D941FE100B4C93A /* HYStudent.m in Sources */,
				FDB744141D94000700B4C93A /* AppDelegate.m in Sources */,
				FDB744111D94000700B4C93A /* main.m in Sources */,
				FDB744441D94012900B4C93A /* MainTableViewController.m in Sources */,
				FDB744481D941FC100B4C93A /* HYClass.m in Sources */,
				FDB7444B1D941FD200B4C93A /* HYTeacher.m in Sources */,
				FDB744511D94212900B4C93A /* TestSimpleSave.m in Sources */,
			);
			runOnlyForDeploymentPostprocessing = 0;
		};
		FDB744211D94000700B4C93A /* Sources */ = {
			isa = PBXSourcesBuildPhase;
			buildActionMask = 2147483647;
			files = (
				FDB7442A1D94000700B4C93A /* LKDBHelperTestCaseTests.m in Sources */,
			);
			runOnlyForDeploymentPostprocessing = 0;
		};
		FDB7442C1D94000700B4C93A /* Sources */ = {
			isa = PBXSourcesBuildPhase;
			buildActionMask = 2147483647;
			files = (
				FDB744351D94000700B4C93A /* LKDBHelperTestCaseUITests.m in Sources */,
			);
			runOnlyForDeploymentPostprocessing = 0;
		};
/* End PBXSourcesBuildPhase section */

/* Begin PBXTargetDependency section */
		FDB744271D94000700B4C93A /* PBXTargetDependency */ = {
			isa = PBXTargetDependency;
			target = FDB7440B1D94000700B4C93A /* LKDBHelperTestCase */;
			targetProxy = FDB744261D94000700B4C93A /* PBXContainerItemProxy */;
		};
		FDB744321D94000700B4C93A /* PBXTargetDependency */ = {
			isa = PBXTargetDependency;
			target = FDB7440B1D94000700B4C93A /* LKDBHelperTestCase */;
			targetProxy = FDB744311D94000700B4C93A /* PBXContainerItemProxy */;
		};
/* End PBXTargetDependency section */

/* Begin PBXVariantGroup section */
		FDB744181D94000700B4C93A /* Main.storyboard */ = {
			isa = PBXVariantGroup;
			children = (
				FDB744191D94000700B4C93A /* Base */,
			);
			name = Main.storyboard;
			sourceTree = "<group>";
		};
		FDB7441D1D94000700B4C93A /* LaunchScreen.storyboard */ = {
			isa = PBXVariantGroup;
			children = (
				FDB7441E1D94000700B4C93A /* Base */,
			);
			name = LaunchScreen.storyboard;
			sourceTree = "<group>";
		};
/* End PBXVariantGroup section */

/* Begin XCBuildConfiguration section */
		FDB744371D94000700B4C93A /* Debug */ = {
			isa = XCBuildConfiguration;
			buildSettings = {
				ALWAYS_SEARCH_USER_PATHS = NO;
				CLANG_ANALYZER_NONNULL = YES;
				CLANG_CXX_LANGUAGE_STANDARD = "gnu++0x";
				CLANG_CXX_LIBRARY = "libc++";
				CLANG_ENABLE_MODULES = YES;
				CLANG_ENABLE_OBJC_ARC = YES;
				CLANG_WARN_BOOL_CONVERSION = YES;
				CLANG_WARN_CONSTANT_CONVERSION = YES;
				CLANG_WARN_DIRECT_OBJC_ISA_USAGE = YES_ERROR;
				CLANG_WARN_DOCUMENTATION_COMMENTS = YES;
				CLANG_WARN_EMPTY_BODY = YES;
				CLANG_WARN_ENUM_CONVERSION = YES;
				CLANG_WARN_INFINITE_RECURSION = YES;
				CLANG_WARN_INT_CONVERSION = YES;
				CLANG_WARN_OBJC_ROOT_CLASS = YES_ERROR;
				CLANG_WARN_SUSPICIOUS_MOVES = YES;
				CLANG_WARN_UNREACHABLE_CODE = YES;
				CLANG_WARN__DUPLICATE_METHOD_MATCH = YES;
				"CODE_SIGN_IDENTITY[sdk=iphoneos*]" = "iPhone Developer";
				COPY_PHASE_STRIP = NO;
				DEBUG_INFORMATION_FORMAT = dwarf;
				ENABLE_STRICT_OBJC_MSGSEND = YES;
				ENABLE_TESTABILITY = YES;
				GCC_C_LANGUAGE_STANDARD = gnu99;
				GCC_DYNAMIC_NO_PIC = NO;
				GCC_NO_COMMON_BLOCKS = YES;
				GCC_OPTIMIZATION_LEVEL = 0;
				GCC_PREPROCESSOR_DEFINITIONS = (
					"DEBUG=1",
					"$(inherited)",
				);
				GCC_WARN_64_TO_32_BIT_CONVERSION = YES;
				GCC_WARN_ABOUT_RETURN_TYPE = YES_ERROR;
				GCC_WARN_UNDECLARED_SELECTOR = YES;
				GCC_WARN_UNINITIALIZED_AUTOS = YES_AGGRESSIVE;
				GCC_WARN_UNUSED_FUNCTION = YES;
				GCC_WARN_UNUSED_VARIABLE = YES;
				IPHONEOS_DEPLOYMENT_TARGET = 10.0;
				MTL_ENABLE_DEBUG_INFO = YES;
				ONLY_ACTIVE_ARCH = YES;
				SDKROOT = iphoneos;
				TARGETED_DEVICE_FAMILY = "1,2";
			};
			name = Debug;
		};
		FDB744381D94000700B4C93A /* Release */ = {
			isa = XCBuildConfiguration;
			buildSettings = {
				ALWAYS_SEARCH_USER_PATHS = NO;
				CLANG_ANALYZER_NONNULL = YES;
				CLANG_CXX_LANGUAGE_STANDARD = "gnu++0x";
				CLANG_CXX_LIBRARY = "libc++";
				CLANG_ENABLE_MODULES = YES;
				CLANG_ENABLE_OBJC_ARC = YES;
				CLANG_WARN_BOOL_CONVERSION = YES;
				CLANG_WARN_CONSTANT_CONVERSION = YES;
				CLANG_WARN_DIRECT_OBJC_ISA_USAGE = YES_ERROR;
				CLANG_WARN_DOCUMENTATION_COMMENTS = YES;
				CLANG_WARN_EMPTY_BODY = YES;
				CLANG_WARN_ENUM_CONVERSION = YES;
				CLANG_WARN_INFINITE_RECURSION = YES;
				CLANG_WARN_INT_CONVERSION = YES;
				CLANG_WARN_OBJC_ROOT_CLASS = YES_ERROR;
				CLANG_WARN_SUSPICIOUS_MOVES = YES;
				CLANG_WARN_UNREACHABLE_CODE = YES;
				CLANG_WARN__DUPLICATE_METHOD_MATCH = YES;
				"CODE_SIGN_IDENTITY[sdk=iphoneos*]" = "iPhone Developer";
				COPY_PHASE_STRIP = NO;
				DEBUG_INFORMATION_FORMAT = "dwarf-with-dsym";
				ENABLE_NS_ASSERTIONS = NO;
				ENABLE_STRICT_OBJC_MSGSEND = YES;
				GCC_C_LANGUAGE_STANDARD = gnu99;
				GCC_NO_COMMON_BLOCKS = YES;
				GCC_WARN_64_TO_32_BIT_CONVERSION = YES;
				GCC_WARN_ABOUT_RETURN_TYPE = YES_ERROR;
				GCC_WARN_UNDECLARED_SELECTOR = YES;
				GCC_WARN_UNINITIALIZED_AUTOS = YES_AGGRESSIVE;
				GCC_WARN_UNUSED_FUNCTION = YES;
				GCC_WARN_UNUSED_VARIABLE = YES;
				IPHONEOS_DEPLOYMENT_TARGET = 10.0;
				MTL_ENABLE_DEBUG_INFO = NO;
				SDKROOT = iphoneos;
				TARGETED_DEVICE_FAMILY = "1,2";
				VALIDATE_PRODUCT = YES;
			};
			name = Release;
		};
		FDB7443A1D94000700B4C93A /* Debug */ = {
			isa = XCBuildConfiguration;
			baseConfigurationReference = 679DA880151D2BB7621EA5D5 /* Pods-LKDBHelperTestCase.debug.xcconfig */;
			buildSettings = {
				ASSETCATALOG_COMPILER_APPICON_NAME = AppIcon;
				INFOPLIST_FILE = LKDBHelperTestCase/Info.plist;
				LD_RUNPATH_SEARCH_PATHS = "$(inherited) @executable_path/Frameworks";
				PRODUCT_BUNDLE_IDENTIFIER = com.heyou.LKDBHelperTestCase;
				PRODUCT_NAME = "$(TARGET_NAME)";
			};
			name = Debug;
		};
		FDB7443B1D94000700B4C93A /* Release */ = {
			isa = XCBuildConfiguration;
			baseConfigurationReference = DFAFD47F4BBBE4A1D0067A9C /* Pods-LKDBHelperTestCase.release.xcconfig */;
			buildSettings = {
				ASSETCATALOG_COMPILER_APPICON_NAME = AppIcon;
				INFOPLIST_FILE = LKDBHelperTestCase/Info.plist;
				LD_RUNPATH_SEARCH_PATHS = "$(inherited) @executable_path/Frameworks";
				PRODUCT_BUNDLE_IDENTIFIER = com.heyou.LKDBHelperTestCase;
				PRODUCT_NAME = "$(TARGET_NAME)";
			};
			name = Release;
		};
		FDB7443D1D94000700B4C93A /* Debug */ = {
			isa = XCBuildConfiguration;
			buildSettings = {
				BUNDLE_LOADER = "$(TEST_HOST)";
				INFOPLIST_FILE = LKDBHelperTestCaseTests/Info.plist;
				LD_RUNPATH_SEARCH_PATHS = "$(inherited) @executable_path/Frameworks @loader_path/Frameworks";
				PRODUCT_BUNDLE_IDENTIFIER = com.heyou.LKDBHelperTestCaseTests;
				PRODUCT_NAME = "$(TARGET_NAME)";
				TEST_HOST = "$(BUILT_PRODUCTS_DIR)/LKDBHelperTestCase.app/LKDBHelperTestCase";
			};
			name = Debug;
		};
		FDB7443E1D94000700B4C93A /* Release */ = {
			isa = XCBuildConfiguration;
			buildSettings = {
				BUNDLE_LOADER = "$(TEST_HOST)";
				INFOPLIST_FILE = LKDBHelperTestCaseTests/Info.plist;
				LD_RUNPATH_SEARCH_PATHS = "$(inherited) @executable_path/Frameworks @loader_path/Frameworks";
				PRODUCT_BUNDLE_IDENTIFIER = com.heyou.LKDBHelperTestCaseTests;
				PRODUCT_NAME = "$(TARGET_NAME)";
				TEST_HOST = "$(BUILT_PRODUCTS_DIR)/LKDBHelperTestCase.app/LKDBHelperTestCase";
			};
			name = Release;
		};
		FDB744401D94000700B4C93A /* Debug */ = {
			isa = XCBuildConfiguration;
			buildSettings = {
				INFOPLIST_FILE = LKDBHelperTestCaseUITests/Info.plist;
				LD_RUNPATH_SEARCH_PATHS = "$(inherited) @executable_path/Frameworks @loader_path/Frameworks";
				PRODUCT_BUNDLE_IDENTIFIER = com.heyou.LKDBHelperTestCaseUITests;
				PRODUCT_NAME = "$(TARGET_NAME)";
				TEST_TARGET_NAME = LKDBHelperTestCase;
			};
			name = Debug;
		};
		FDB744411D94000700B4C93A /* Release */ = {
			isa = XCBuildConfiguration;
			buildSettings = {
				INFOPLIST_FILE = LKDBHelperTestCaseUITests/Info.plist;
				LD_RUNPATH_SEARCH_PATHS = "$(inherited) @executable_path/Frameworks @loader_path/Frameworks";
				PRODUCT_BUNDLE_IDENTIFIER = com.heyou.LKDBHelperTestCaseUITests;
				PRODUCT_NAME = "$(TARGET_NAME)";
				TEST_TARGET_NAME = LKDBHelperTestCase;
			};
			name = Release;
		};
/* End XCBuildConfiguration section */

/* Begin XCConfigurationList section */
		FDB744071D94000700B4C93A /* Build configuration list for PBXProject "LKDBHelperTestCase" */ = {
			isa = XCConfigurationList;
			buildConfigurations = (
				FDB744371D94000700B4C93A /* Debug */,
				FDB744381D94000700B4C93A /* Release */,
			);
			defaultConfigurationIsVisible = 0;
			defaultConfigurationName = Release;
		};
		FDB744391D94000700B4C93A /* Build configuration list for PBXNativeTarget "LKDBHelperTestCase" */ = {
			isa = XCConfigurationList;
			buildConfigurations = (
				FDB7443A1D94000700B4C93A /* Debug */,
				FDB7443B1D94000700B4C93A /* Release */,
			);
			defaultConfigurationIsVisible = 0;
			defaultConfigurationName = Release;
		};
		FDB7443C1D94000700B4C93A /* Build configuration list for PBXNativeTarget "LKDBHelperTestCaseTests" */ = {
			isa = XCConfigurationList;
			buildConfigurations = (
				FDB7443D1D94000700B4C93A /* Debug */,
				FDB7443E1D94000700B4C93A /* Release */,
			);
			defaultConfigurationIsVisible = 0;
			defaultConfigurationName = Release;
		};
		FDB7443F1D94000700B4C93A /* Build configuration list for PBXNativeTarget "LKDBHelperTestCaseUITests" */ = {
			isa = XCConfigurationList;
			buildConfigurations = (
				FDB744401D94000700B4C93A /* Debug */,
				FDB744411D94000700B4C93A /* Release */,
			);
			defaultConfigurationIsVisible = 0;
			defaultConfigurationName = Release;
		};
/* End XCConfigurationList section */
	};
	rootObject = FDB744041D94000700B4C93A /* Project object */;
}
