PODS:
  - FMDB (2.6.2):
    - FMDB/standard (= 2.6.2)
  - FMDB/standard (2.6.2)
  - LKDBHelper (2.3.4):
    - FMDB
  - MJExtension (3.0.13)

DEPENDENCIES:
  - LKDBHelper
  - MJExtension

SPEC CHECKSUMS:
  FMDB: 854a0341b4726e53276f2a8996f06f1b80f9259a
  LKDBHelper: 21fed3d2a010ea6f97996490abd717d379f9c772
  MJExtension: 5932755f451458eefa24239358817f8d291240c7

COCOAPODS: 0.39.0
